
Microsoft Visual Studio Solution File, Format Version 12.00
# Visual Studio Version 17
VisualStudioVersion = 17.6.33723.286
MinimumVisualStudioVersion = 10.0.40219.1
Project("{FAE04EC0-301F-11D3-BF4B-00C04F79EFBC}") = "TestDatabase", "TestDatabase.csproj", "{950889C8-D499-4676-B87A-F2910B84A78C}"
EndProject
Global
	GlobalSection(SolutionConfigurationPlatforms) = preSolution
		Debug|Any CPU = Debug|Any CPU
		Release|Any CPU = Release|Any CPU
	EndGlobalSection
	GlobalSection(ProjectConfigurationPlatforms) = postSolution
		{950889C8-D499-4676-B87A-F2910B84A78C}.Debug|Any CPU.ActiveCfg = Debug|Any CPU
		{950889C8-D499-4676-B87A-F2910B84A78C}.Debug|Any CPU.Build.0 = Debug|Any CPU
		{950889C8-D499-4676-B87A-F2910B84A78C}.Release|Any CPU.ActiveCfg = Release|Any CPU
		{950889C8-D499-4676-B87A-F2910B84A78C}.Release|Any CPU.Build.0 = Release|Any CPU
	EndGlobalSection
	GlobalSection(SolutionProperties) = preSolution
		HideSolutionNode = FALSE
	EndGlobalSection
	GlobalSection(ExtensibilityGlobals) = postSolution
		SolutionGuid = {2C286EED-09C5-4872-A652-FF06B2A1B118}
	EndGlobalSection
EndGlobal
